
Microsoft Visual Studio Solution File, Format Version 12.00
# Visual Studio Version 17
VisualStudioVersion = 17.9.34701.34
MinimumVisualStudioVersion = 10.0.40219.1
Project("{9A19103F-16F7-4668-BE54-9A1E7A4F7556}") = "Livraria", "Livraria\Livraria.csproj", "{3B8C6C26-1978-4F87-A810-AC330F61563F}"
EndProject
Project("{E53339B2-1760-4266-BCC7-CA923CBCF16C}") = "docker-compose", "docker-compose.dcproj", "{D10E442D-95AF-4A02-9E29-39F8F28B0161}"
EndProject
Global
	GlobalSection(SolutionConfigurationPlatforms) = preSolution
		Debug|Any CPU = Debug|Any CPU
		Release|Any CPU = Release|Any CPU
	EndGlobalSection
	GlobalSection(ProjectConfigurationPlatforms) = postSolution
		{3B8C6C26-1978-4F87-A810-AC330F61563F}.Debug|Any CPU.ActiveCfg = Debug|Any CPU
		{3B8C6C26-1978-4F87-A810-AC330F61563F}.Debug|Any CPU.Build.0 = Debug|Any CPU
		{3B8C6C26-1978-4F87-A810-AC330F61563F}.Release|Any CPU.ActiveCfg = Release|Any CPU
		{3B8C6C26-1978-4F87-A810-AC330F61563F}.Release|Any CPU.Build.0 = Release|Any CPU
		{D10E442D-95AF-4A02-9E29-39F8F28B0161}.Debug|Any CPU.ActiveCfg = Debug|Any CPU
		{D10E442D-95AF-4A02-9E29-39F8F28B0161}.Debug|Any CPU.Build.0 = Debug|Any CPU
		{D10E442D-95AF-4A02-9E29-39F8F28B0161}.Release|Any CPU.ActiveCfg = Release|Any CPU
		{D10E442D-95AF-4A02-9E29-39F8F28B0161}.Release|Any CPU.Build.0 = Release|Any CPU
	EndGlobalSection
	GlobalSection(SolutionProperties) = preSolution
		HideSolutionNode = FALSE
	EndGlobalSection
	GlobalSection(ExtensibilityGlobals) = postSolution
		SolutionGuid = {39424D45-04CF-4255-923E-AFB7B4C6AEB8}
	EndGlobalSection
EndGlobal
